{
  "name": "@gallant/di",
  "version": "0.0.1",
  "lockfileVersion": 1,
  "requires": true,
  "dependencies": {
    "data-collectors": {
      "version": "1.0.1",
      "resolved": "https://registry.npmjs.org/data-collectors/-/data-collectors-1.0.1.tgz",
      "integrity": "sha512-CnfJTgqLP+NodRbmW5/r4LJgLXobUsTTv99gP1kwi2ZVezEXq3liBjRd1SukCEddY/afEnCILdX4ZnU/8AwIpg=="
    },
    "reflect-metadata": {
      "version": "0.1.13",
      "resolved": "https://registry.npmjs.org/reflect-metadata/-/reflect-metadata-0.1.13.tgz",
      "integrity": "sha512-Ts1Y/anZELhSsjMcU605fU9RE4Oi3p5ORujwbIKXfWa+0Zxs510Qrmrce5/Jowq3cHSZSJqBjypxmHarc+vEWg=="
    }
  }
}
